
Microsoft Visual Studio Solution File, Format Version 12.00
# Visual Studio Version 17
VisualStudioVersion = 17.8.34330.188
MinimumVisualStudioVersion = 10.0.40219.1
Project("{888888A0-9F3D-457C-B088-3A5042F75D52}") = "MultiJson", "MultiJson.pyproj", "{77FBD734-8D08-4D4D-BB46-5E5A15FDC28F}"
EndProject
Global
	GlobalSection(SolutionConfigurationPlatforms) = preSolution
		Debug|Any CPU = Debug|Any CPU
		Release|Any CPU = Release|Any CPU
	EndGlobalSection
	GlobalSection(ProjectConfigurationPlatforms) = postSolution
		{77FBD734-8D08-4D4D-BB46-5E5A15FDC28F}.Debug|Any CPU.ActiveCfg = Debug|Any CPU
		{77FBD734-8D08-4D4D-BB46-5E5A15FDC28F}.Release|Any CPU.ActiveCfg = Release|Any CPU
	EndGlobalSection
	GlobalSection(SolutionProperties) = preSolution
		HideSolutionNode = FALSE
	EndGlobalSection
	GlobalSection(ExtensibilityGlobals) = postSolution
		SolutionGuid = {1B0259B6-514C-4945-9BD4-19F85792864E}
	EndGlobalSection
EndGlobal
